
Microsoft Visual Studio Solution File, Format Version 12.00
# Visual Studio Version 17
VisualStudioVersion = 17.8.34330.188
MinimumVisualStudioVersion = 10.0.40219.1
Project("{FAE04EC0-301F-11D3-BF4B-00C04F79EFBC}") = "WohnungenApi", "WohnungenApi\WohnungenApi.csproj", "{FC041022-751F-47E6-A756-C946DC8229C3}"
EndProject
Global
	GlobalSection(SolutionConfigurationPlatforms) = preSolution
		Debug|Any CPU = Debug|Any CPU
		Release|Any CPU = Release|Any CPU
	EndGlobalSection
	GlobalSection(ProjectConfigurationPlatforms) = postSolution
		{FC041022-751F-47E6-A756-C946DC8229C3}.Debug|Any CPU.ActiveCfg = Debug|Any CPU
		{FC041022-751F-47E6-A756-C946DC8229C3}.Debug|Any CPU.Build.0 = Debug|Any CPU
		{FC041022-751F-47E6-A756-C946DC8229C3}.Release|Any CPU.ActiveCfg = Release|Any CPU
		{FC041022-751F-47E6-A756-C946DC8229C3}.Release|Any CPU.Build.0 = Release|Any CPU
	EndGlobalSection
	GlobalSection(SolutionProperties) = preSolution
		HideSolutionNode = FALSE
	EndGlobalSection
	GlobalSection(ExtensibilityGlobals) = postSolution
		SolutionGuid = {37BC7F34-D73C-412D-BE74-362DF07C7FDB}
	EndGlobalSection
EndGlobal
